// !$*UTF8*$!
{
	archiveVersion = 1;
	classes = {
	};
	objectVersion = 50;
	objects = {

/* Begin PBXBuildFile section */
		44E858F425A908A60093D498 /* AppDelegate.swift in Sources */ = {isa = PBXBuildFile; fileRef = 44E858F325A908A60093D498 /* AppDelegate.swift */; };
		44E858F625A908A60093D498 /* SceneDelegate.swift in Sources */ = {isa = PBXBuildFile; fileRef = 44E858F525A908A60093D498 /* SceneDelegate.swift */; };
		44E858F825A908A60093D498 /* ViewController.swift in Sources */ = {isa = PBXBuildFile; fileRef = 44E858F725A908A60093D498 /* ViewController.swift */; };
		44E858FB25A908A60093D498 /* Main.storyboard in Resources */ = {isa = PBXBuildFile; fileRef = 44E858F925A908A60093D498 /* Main.storyboard */; };
		44E858FD25A908A70093D498 /* Assets.xcassets in Resources */ = {isa = PBXBuildFile; fileRef = 44E858FC25A908A70093D498 /* Assets.xcassets */; };
		44E8590025A908A70093D498 /* LaunchScreen.storyboard in Resources */ = {isa = PBXBuildFile; fileRef = 44E858FE25A908A70093D498 /* LaunchScreen.storyboard */; };
		44E8590E25A916BC0093D498 /* ListaTableViewController.swift in Sources */ = {isa = PBXBuildFile; fileRef = 44E8590D25A916BC0093D498 /* ListaTableViewController.swift */; };
		44E8591025A91C6B0093D498 /* MarvelModel.swift in Sources */ = {isa = PBXBuildFile; fileRef = 44E8590F25A91C6B0093D498 /* MarvelModel.swift */; };
		44E8591225A92AF00093D498 /* MarvelService.swift in Sources */ = {isa = PBXBuildFile; fileRef = 44E8591125A92AF00093D498 /* MarvelService.swift */; };
		44E8591425A92DB20093D498 /* CharacterPresenter.swift in Sources */ = {isa = PBXBuildFile; fileRef = 44E8591325A92DB20093D498 /* CharacterPresenter.swift */; };
		44E8591625AA7B090093D498 /* DetailsViewController.swift in Sources */ = {isa = PBXBuildFile; fileRef = 44E8591525AA7B090093D498 /* DetailsViewController.swift */; };
		44E8591825AA93AA0093D498 /* ComicPresenter.swift in Sources */ = {isa = PBXBuildFile; fileRef = 44E8591725AA93AA0093D498 /* ComicPresenter.swift */; };
		44E8591A25AB0C160093D498 /* GrigliaCollectionViewController.swift in Sources */ = {isa = PBXBuildFile; fileRef = 44E8591925AB0C160093D498 /* GrigliaCollectionViewController.swift */; };
/* End PBXBuildFile section */

/* Begin PBXFileReference section */
		44E858F025A908A60093D498 /* Assignment4.app */ = {isa = PBXFileReference; explicitFileType = wrapper.application; includeInIndex = 0; path = Assignment4.app; sourceTree = BUILT_PRODUCTS_DIR; };
		44E858F325A908A60093D498 /* AppDelegate.swift */ = {isa = PBXFileReference; lastKnownFileType = sourcecode.swift; path = AppDelegate.swift; sourceTree = "<group>"; };
		44E858F525A908A60093D498 /* SceneDelegate.swift */ = {isa = PBXFileReference; lastKnownFileType = sourcecode.swift; path = SceneDelegate.swift; sourceTree = "<group>"; };
		44E858F725A908A60093D498 /* ViewController.swift */ = {isa = PBXFileReference; lastKnownFileType = sourcecode.swift; path = ViewController.swift; sourceTree = "<group>"; };
		44E858FA25A908A60093D498 /* Base */ = {isa = PBXFileReference; lastKnownFileType = file.storyboard; name = Base; path = Base.lproj/Main.storyboard; sourceTree = "<group>"; };
		44E858FC25A908A70093D498 /* Assets.xcassets */ = {isa = PBXFileReference; lastKnownFileType = folder.assetcatalog; path = Assets.xcassets; sourceTree = "<group>"; };
		44E858FF25A908A70093D498 /* Base */ = {isa = PBXFileReference; lastKnownFileType = file.storyboard; name = Base; path = Base.lproj/LaunchScreen.storyboard; sourceTree = "<group>"; };
		44E8590125A908A70093D498 /* Info.plist */ = {isa = PBXFileReference; lastKnownFileType = text.plist.xml; path = Info.plist; sourceTree = "<group>"; };
		44E8590D25A916BC0093D498 /* ListaTableViewController.swift */ = {isa = PBXFileReference; lastKnownFileType = sourcecode.swift; path = ListaTableViewController.swift; sourceTree = "<group>"; };
		44E8590F25A91C6B0093D498 /* MarvelModel.swift */ = {isa = PBXFileReference; lastKnownFileType = sourcecode.swift; path = MarvelModel.swift; sourceTree = "<group>"; };
		44E8591125A92AF00093D498 /* MarvelService.swift */ = {isa = PBXFileReference; lastKnownFileType = sourcecode.swift; path = MarvelService.swift; sourceTree = "<group>"; };
		44E8591325A92DB20093D498 /* CharacterPresenter.swift */ = {isa = PBXFileReference; lastKnownFileType = sourcecode.swift; path = CharacterPresenter.swift; sourceTree = "<group>"; };
		44E8591525AA7B090093D498 /* DetailsViewController.swift */ = {isa = PBXFileReference; lastKnownFileType = sourcecode.swift; path = DetailsViewController.swift; sourceTree = "<group>"; };
		44E8591725AA93AA0093D498 /* ComicPresenter.swift */ = {isa = PBXFileReference; lastKnownFileType = sourcecode.swift; path = ComicPresenter.swift; sourceTree = "<group>"; };
		44E8591925AB0C160093D498 /* GrigliaCollectionViewController.swift */ = {isa = PBXFileReference; lastKnownFileType = sourcecode.swift; path = GrigliaCollectionViewController.swift; sourceTree = "<group>"; };
/* End PBXFileReference section */

/* Begin PBXFrameworksBuildPhase section */
		44E858ED25A908A60093D498 /* Frameworks */ = {
			isa = PBXFrameworksBuildPhase;
			buildActionMask = 2147483647;
			files = (
			);
			runOnlyForDeploymentPostprocessing = 0;
		};
/* End PBXFrameworksBuildPhase section */

/* Begin PBXGroup section */
		44E858E725A908A60093D498 = {
			isa = PBXGroup;
			children = (
				44E858F225A908A60093D498 /* Assignment4 */,
				44E858F125A908A60093D498 /* Products */,
			);
			sourceTree = "<group>";
		};
		44E858F125A908A60093D498 /* Products */ = {
			isa = PBXGroup;
			children = (
				44E858F025A908A60093D498 /* Assignment4.app */,
			);
			name = Products;
			sourceTree = "<group>";
		};
		44E858F225A908A60093D498 /* Assignment4 */ = {
			isa = PBXGroup;
			children = (
				44E8590C25A912C20093D498 /* Presenters */,
				44E8590B25A912BE0093D498 /* Views */,
				44E8590A25A912B70093D498 /* Models */,
				44E8590925A9129A0093D498 /* Service */,
				44E858F325A908A60093D498 /* AppDelegate.swift */,
				44E858F525A908A60093D498 /* SceneDelegate.swift */,
				44E858F725A908A60093D498 /* ViewController.swift */,
				44E858F925A908A60093D498 /* Main.storyboard */,
				44E858FC25A908A70093D498 /* Assets.xcassets */,
				44E858FE25A908A70093D498 /* LaunchScreen.storyboard */,
				44E8590125A908A70093D498 /* Info.plist */,
			);
			path = Assignment4;
			sourceTree = "<group>";
		};
		44E8590925A9129A0093D498 /* Service */ = {
			isa = PBXGroup;
			children = (
				44E8591125A92AF00093D498 /* MarvelService.swift */,
			);
			path = Service;
			sourceTree = "<group>";
		};
		44E8590A25A912B70093D498 /* Models */ = {
			isa = PBXGroup;
			children = (
				44E8590F25A91C6B0093D498 /* MarvelModel.swift */,
			);
			path = Models;
			sourceTree = "<group>";
		};
		44E8590B25A912BE0093D498 /* Views */ = {
			isa = PBXGroup;
			children = (
				44E8590D25A916BC0093D498 /* ListaTableViewController.swift */,
				44E8591525AA7B090093D498 /* DetailsViewController.swift */,
				44E8591925AB0C160093D498 /* GrigliaCollectionViewController.swift */,
			);
			path = Views;
			sourceTree = "<group>";
		};
		44E8590C25A912C20093D498 /* Presenters */ = {
			isa = PBXGroup;
			children = (
				44E8591325A92DB20093D498 /* CharacterPresenter.swift */,
				44E8591725AA93AA0093D498 /* ComicPresenter.swift */,
			);
			path = Presenters;
			sourceTree = "<group>";
		};
/* End PBXGroup section */

/* Begin PBXNativeTarget section */
		44E858EF25A908A60093D498 /* Assignment4 */ = {
			isa = PBXNativeTarget;
			buildConfigurationList = 44E8590425A908A70093D498 /* Build configuration list for PBXNativeTarget "Assignment4" */;
			buildPhases = (
				44E858EC25A908A60093D498 /* Sources */,
				44E858ED25A908A60093D498 /* Frameworks */,
				44E858EE25A908A60093D498 /* Resources */,
			);
			buildRules = (
			);
			dependencies = (
			);
			name = Assignment4;
			productName = Assignment4;
			productReference = 44E858F025A908A60093D498 /* Assignment4.app */;
			productType = "com.apple.product-type.application";
		};
/* End PBXNativeTarget section */

/* Begin PBXProject section */
		44E858E825A908A60093D498 /* Project object */ = {
			isa = PBXProject;
			attributes = {
				LastSwiftUpdateCheck = 1150;
				LastUpgradeCheck = 1150;
				ORGANIZATIONNAME = GM;
				TargetAttributes = {
					44E858EF25A908A60093D498 = {
						CreatedOnToolsVersion = 11.5;
					};
				};
			};
			buildConfigurationList = 44E858EB25A908A60093D498 /* Build configuration list for PBXProject "Assignment4" */;
			compatibilityVersion = "Xcode 9.3";
			developmentRegion = en;
			hasScannedForEncodings = 0;
			knownRegions = (
				en,
				Base,
			);
			mainGroup = 44E858E725A908A60093D498;
			productRefGroup = 44E858F125A908A60093D498 /* Products */;
			projectDirPath = "";
			projectRoot = "";
			targets = (
				44E858EF25A908A60093D498 /* Assignment4 */,
			);
		};
/* End PBXProject section */

/* Begin PBXResourcesBuildPhase section */
		44E858EE25A908A60093D498 /* Resources */ = {
			isa = PBXResourcesBuildPhase;
			buildActionMask = 2147483647;
			files = (
				44E8590025A908A70093D498 /* LaunchScreen.storyboard in Resources */,
				44E858FD25A908A70093D498 /* Assets.xcassets in Resources */,
				44E858FB25A908A60093D498 /* Main.storyboard in Resources */,
			);
			runOnlyForDeploymentPostprocessing = 0;
		};
/* End PBXResourcesBuildPhase section */

/* Begin PBXSourcesBuildPhase section */
		44E858EC25A908A60093D498 /* Sources */ = {
			isa = PBXSourcesBuildPhase;
			buildActionMask = 2147483647;
			files = (
				44E858F825A908A60093D498 /* ViewController.swift in Sources */,
				44E8591825AA93AA0093D498 /* ComicPresenter.swift in Sources */,
				44E8590E25A916BC0093D498 /* ListaTableViewController.swift in Sources */,
				44E8591025A91C6B0093D498 /* MarvelModel.swift in Sources */,
				44E8591A25AB0C160093D498 /* GrigliaCollectionViewController.swift in Sources */,
				44E858F425A908A60093D498 /* AppDelegate.swift in Sources */,
				44E8591225A92AF00093D498 /* MarvelService.swift in Sources */,
				44E858F625A908A60093D498 /* SceneDelegate.swift in Sources */,
				44E8591425A92DB20093D498 /* CharacterPresenter.swift in Sources */,
				44E8591625AA7B090093D498 /* DetailsViewController.swift in Sources */,
			);
			runOnlyForDeploymentPostprocessing = 0;
		};
/* End PBXSourcesBuildPhase section */

/* Begin PBXVariantGroup section */
		44E858F925A908A60093D498 /* Main.storyboard */ = {
			isa = PBXVariantGroup;
			children = (
				44E858FA25A908A60093D498 /* Base */,
			);
			name = Main.storyboard;
			sourceTree = "<group>";
		};
		44E858FE25A908A70093D498 /* LaunchScreen.storyboard */ = {
			isa = PBXVariantGroup;
			children = (
				44E858FF25A908A70093D498 /* Base */,
			);
			name = LaunchScreen.storyboard;
			sourceTree = "<group>";
		};
/* End PBXVariantGroup section */

/* Begin XCBuildConfiguration section */
		44E8590225A908A70093D498 /* Debug */ = {
			isa = XCBuildConfiguration;
			buildSettings = {
				ALWAYS_SEARCH_USER_PATHS = NO;
				CLANG_ANALYZER_NONNULL = YES;
				CLANG_ANALYZER_NUMBER_OBJECT_CONVERSION = YES_AGGRESSIVE;
				CLANG_CXX_LANGUAGE_STANDARD = "gnu++14";
				CLANG_CXX_LIBRARY = "libc++";
				CLANG_ENABLE_MODULES = YES;
				CLANG_ENABLE_OBJC_ARC = YES;
				CLANG_ENABLE_OBJC_WEAK = YES;
				CLANG_WARN_BLOCK_CAPTURE_AUTORELEASING = YES;
				CLANG_WARN_BOOL_CONVERSION = YES;
				CLANG_WARN_COMMA = YES;
				CLANG_WARN_CONSTANT_CONVERSION = YES;
				CLANG_WARN_DEPRECATED_OBJC_IMPLEMENTATIONS = YES;
				CLANG_WARN_DIRECT_OBJC_ISA_USAGE = YES_ERROR;
				CLANG_WARN_DOCUMENTATION_COMMENTS = YES;
				CLANG_WARN_EMPTY_BODY = YES;
				CLANG_WARN_ENUM_CONVERSION = YES;
				CLANG_WARN_INFINITE_RECURSION = YES;
				CLANG_WARN_INT_CONVERSION = YES;
				CLANG_WARN_NON_LITERAL_NULL_CONVERSION = YES;
				CLANG_WARN_OBJC_IMPLICIT_RETAIN_SELF = YES;
				CLANG_WARN_OBJC_LITERAL_CONVERSION = YES;
				CLANG_WARN_OBJC_ROOT_CLASS = YES_ERROR;
				CLANG_WARN_RANGE_LOOP_ANALYSIS = YES;
				CLANG_WARN_STRICT_PROTOTYPES = YES;
				CLANG_WARN_SUSPICIOUS_MOVE = YES;
				CLANG_WARN_UNGUARDED_AVAILABILITY = YES_AGGRESSIVE;
				CLANG_WARN_UNREACHABLE_CODE = YES;
				CLANG_WARN__DUPLICATE_METHOD_MATCH = YES;
				COPY_PHASE_STRIP = NO;
				DEBUG_INFORMATION_FORMAT = dwarf;
				ENABLE_STRICT_OBJC_MSGSEND = YES;
				ENABLE_TESTABILITY = YES;
				GCC_C_LANGUAGE_STANDARD = gnu11;
				GCC_DYNAMIC_NO_PIC = NO;
				GCC_NO_COMMON_BLOCKS = YES;
				GCC_OPTIMIZATION_LEVEL = 0;
				GCC_PREPROCESSOR_DEFINITIONS = (
					"DEBUG=1",
					"$(inherited)",
				);
				GCC_WARN_64_TO_32_BIT_CONVERSION = YES;
				GCC_WARN_ABOUT_RETURN_TYPE = YES_ERROR;
				GCC_WARN_UNDECLARED_SELECTOR = YES;
				GCC_WARN_UNINITIALIZED_AUTOS = YES_AGGRESSIVE;
				GCC_WARN_UNUSED_FUNCTION = YES;
				GCC_WARN_UNUSED_VARIABLE = YES;
				IPHONEOS_DEPLOYMENT_TARGET = 13.5;
				MTL_ENABLE_DEBUG_INFO = INCLUDE_SOURCE;
				MTL_FAST_MATH = YES;
				ONLY_ACTIVE_ARCH = YES;
				SDKROOT = iphoneos;
				SWIFT_ACTIVE_COMPILATION_CONDITIONS = DEBUG;
				SWIFT_OPTIMIZATION_LEVEL = "-Onone";
			};
			name = Debug;
		};
		44E8590325A908A70093D498 /* Release */ = {
			isa = XCBuildConfiguration;
			buildSettings = {
				ALWAYS_SEARCH_USER_PATHS = NO;
				CLANG_ANALYZER_NONNULL = YES;
				CLANG_ANALYZER_NUMBER_OBJECT_CONVERSION = YES_AGGRESSIVE;
				CLANG_CXX_LANGUAGE_STANDARD = "gnu++14";
				CLANG_CXX_LIBRARY = "libc++";
				CLANG_ENABLE_MODULES = YES;
				CLANG_ENABLE_OBJC_ARC = YES;
				CLANG_ENABLE_OBJC_WEAK = YES;
				CLANG_WARN_BLOCK_CAPTURE_AUTORELEASING = YES;
				CLANG_WARN_BOOL_CONVERSION = YES;
				CLANG_WARN_COMMA = YES;
				CLANG_WARN_CONSTANT_CONVERSION = YES;
				CLANG_WARN_DEPRECATED_OBJC_IMPLEMENTATIONS = YES;
				CLANG_WARN_DIRECT_OBJC_ISA_USAGE = YES_ERROR;
				CLANG_WARN_DOCUMENTATION_COMMENTS = YES;
				CLANG_WARN_EMPTY_BODY = YES;
				CLANG_WARN_ENUM_CONVERSION = YES;
				CLANG_WARN_INFINITE_RECURSION = YES;
				CLANG_WARN_INT_CONVERSION = YES;
				CLANG_WARN_NON_LITERAL_NULL_CONVERSION = YES;
				CLANG_WARN_OBJC_IMPLICIT_RETAIN_SELF = YES;
				CLANG_WARN_OBJC_LITERAL_CONVERSION = YES;
				CLANG_WARN_OBJC_ROOT_CLASS = YES_ERROR;
				CLANG_WARN_RANGE_LOOP_ANALYSIS = YES;
				CLANG_WARN_STRICT_PROTOTYPES = YES;
				CLANG_WARN_SUSPICIOUS_MOVE = YES;
				CLANG_WARN_UNGUARDED_AVAILABILITY = YES_AGGRESSIVE;
				CLANG_WARN_UNREACHABLE_CODE = YES;
				CLANG_WARN__DUPLICATE_METHOD_MATCH = YES;
				COPY_PHASE_STRIP = NO;
				DEBUG_INFORMATION_FORMAT = "dwarf-with-dsym";
				ENABLE_NS_ASSERTIONS = NO;
				ENABLE_STRICT_OBJC_MSGSEND = YES;
				GCC_C_LANGUAGE_STANDARD = gnu11;
				GCC_NO_COMMON_BLOCKS = YES;
				GCC_WARN_64_TO_32_BIT_CONVERSION = YES;
				GCC_WARN_ABOUT_RETURN_TYPE = YES_ERROR;
				GCC_WARN_UNDECLARED_SELECTOR = YES;
				GCC_WARN_UNINITIALIZED_AUTOS = YES_AGGRESSIVE;
				GCC_WARN_UNUSED_FUNCTION = YES;
				GCC_WARN_UNUSED_VARIABLE = YES;
				IPHONEOS_DEPLOYMENT_TARGET = 13.5;
				MTL_ENABLE_DEBUG_INFO = NO;
				MTL_FAST_MATH = YES;
				SDKROOT = iphoneos;
				SWIFT_COMPILATION_MODE = wholemodule;
				SWIFT_OPTIMIZATION_LEVEL = "-O";
				VALIDATE_PRODUCT = YES;
			};
			name = Release;
		};
		44E8590525A908A70093D498 /* Debug */ = {
			isa = XCBuildConfiguration;
			buildSettings = {
				ASSETCATALOG_COMPILER_APPICON_NAME = AppIcon;
				CODE_SIGN_STYLE = Automatic;
				INFOPLIST_FILE = Assignment4/Info.plist;
				LD_RUNPATH_SEARCH_PATHS = (
					"$(inherited)",
					"@executable_path/Frameworks",
				);
				PRODUCT_BUNDLE_IDENTIFIER = com.giorgiominissale.Assignment4;
				PRODUCT_NAME = "$(TARGET_NAME)";
				SWIFT_VERSION = 5.0;
				TARGETED_DEVICE_FAMILY = "1,2";
			};
			name = Debug;
		};
		44E8590625A908A70093D498 /* Release */ = {
			isa = XCBuildConfiguration;
			buildSettings = {
				ASSETCATALOG_COMPILER_APPICON_NAME = AppIcon;
				CODE_SIGN_STYLE = Automatic;
				INFOPLIST_FILE = Assignment4/Info.plist;
				LD_RUNPATH_SEARCH_PATHS = (
					"$(inherited)",
					"@executable_path/Frameworks",
				);
				PRODUCT_BUNDLE_IDENTIFIER = com.giorgiominissale.Assignment4;
				PRODUCT_NAME = "$(TARGET_NAME)";
				SWIFT_VERSION = 5.0;
				TARGETED_DEVICE_FAMILY = "1,2";
			};
			name = Release;
		};
/* End XCBuildConfiguration section */

/* Begin XCConfigurationList section */
		44E858EB25A908A60093D498 /* Build configuration list for PBXProject "Assignment4" */ = {
			isa = XCConfigurationList;
			buildConfigurations = (
				44E8590225A908A70093D498 /* Debug */,
				44E8590325A908A70093D498 /* Release */,
			);
			defaultConfigurationIsVisible = 0;
			defaultConfigurationName = Release;
		};
		44E8590425A908A70093D498 /* Build configuration list for PBXNativeTarget "Assignment4" */ = {
			isa = XCConfigurationList;
			buildConfigurations = (
				44E8590525A908A70093D498 /* Debug */,
				44E8590625A908A70093D498 /* Release */,
			);
			defaultConfigurationIsVisible = 0;
			defaultConfigurationName = Release;
		};
/* End XCConfigurationList section */
	};
	rootObject = 44E858E825A908A60093D498 /* Project object */;
}
